PODS:
  - Alamofire (5.0.0-beta.6)
  - SwiftDate (5.1.0)

DEPENDENCIES:
  - Alamofire (~> 5.0.0-beta.5)
  - SwiftDate (~> 5.0)

SPEC REPOS:
  https://github.com/cocoapods/specs.git:
    - Alamofire
    - SwiftDate

SPEC CHECKSUMS:
  Alamofire: cd08a4402bd12cacd0c66f23fb12fec8d6b965e4
  SwiftDate: 6329e58969a2de31cea7f1ee1143b247693196e7

PODFILE CHECKSUM: 3c9d7c195ee99e9b2a5a98951e4a426ac6856131

COCOAPODS: 1.5.3
