// !$*UTF8*$!
{
	archiveVersion = 1;
	classes = {
	};
	objectVersion = 50;
	objects = {

/* Begin PBXBuildFile section */
		03E21B20519141F7C80E49AB /* Pods_RakevetPlus.framework in Frameworks */ = {isa = PBXBuildFile; fileRef = 5EA335E91A07766E079B7ACB /* Pods_RakevetPlus.framework */; };
		A853A31822B3FFF600D0B05C /* StationsVC.swift in Sources */ = {isa = PBXBuildFile; fileRef = A853A31722B3FFF600D0B05C /* StationsVC.swift */; };
		A853A31B22B3FFF600D0B05C /* Main.storyboard in Resources */ = {isa = PBXBuildFile; fileRef = A853A31922B3FFF600D0B05C /* Main.storyboard */; };
		A853A31D22B3FFFA00D0B05C /* Assets.xcassets in Resources */ = {isa = PBXBuildFile; fileRef = A853A31C22B3FFFA00D0B05C /* Assets.xcassets */; };
		A853A32022B3FFFA00D0B05C /* LaunchScreen.storyboard in Resources */ = {isa = PBXBuildFile; fileRef = A853A31E22B3FFFA00D0B05C /* LaunchScreen.storyboard */; };
		A853A32922B4005200D0B05C /* train_stations.json in Resources */ = {isa = PBXBuildFile; fileRef = A853A32822B4005200D0B05C /* train_stations.json */; };
		A853A32B22B4076A00D0B05C /* StationsMapVC.swift in Sources */ = {isa = PBXBuildFile; fileRef = A853A32A22B4076A00D0B05C /* StationsMapVC.swift */; };
		A853A32E22B4247700D0B05C /* TrainStation.swift in Sources */ = {isa = PBXBuildFile; fileRef = A853A32D22B4247700D0B05C /* TrainStation.swift */; };
		A853A33722B42A2C00D0B05C /* SearchStationVC.swift in Sources */ = {isa = PBXBuildFile; fileRef = A853A33622B42A2C00D0B05C /* SearchStationVC.swift */; };
		A853A33922B42B2F00D0B05C /* StationResultCell.swift in Sources */ = {isa = PBXBuildFile; fileRef = A853A33822B42B2F00D0B05C /* StationResultCell.swift */; };
		A891E32022BE9B51009F9D10 /* AppDelegate.swift in Sources */ = {isa = PBXBuildFile; fileRef = A891E31F22BE9B51009F9D10 /* AppDelegate.swift */; };
		A891E32322BE9B6D009F9D10 /* RouteDetailsVC.swift in Sources */ = {isa = PBXBuildFile; fileRef = A891E32122BE9B6D009F9D10 /* RouteDetailsVC.swift */; };
		A891E32422BE9B6D009F9D10 /* RouteDetailsVC.xib in Resources */ = {isa = PBXBuildFile; fileRef = A891E32222BE9B6D009F9D10 /* RouteDetailsVC.xib */; };
		A891E32922BEF2BC009F9D10 /* RouteDetailCell.swift in Sources */ = {isa = PBXBuildFile; fileRef = A891E32722BEF2BC009F9D10 /* RouteDetailCell.swift */; };
		A891E32A22BEF2BC009F9D10 /* RouteDetailCell.xib in Resources */ = {isa = PBXBuildFile; fileRef = A891E32822BEF2BC009F9D10 /* RouteDetailCell.xib */; };
		A891E33522BFEE2A009F9D10 /* TrainSwitchCell.swift in Sources */ = {isa = PBXBuildFile; fileRef = A891E33322BFEE2A009F9D10 /* TrainSwitchCell.swift */; };
		A891E33622BFEE2A009F9D10 /* TrainSwitchCell.xib in Resources */ = {isa = PBXBuildFile; fileRef = A891E33422BFEE2A009F9D10 /* TrainSwitchCell.xib */; };
		A891E33922C008A3009F9D10 /* UIColor+Hex.swift in Sources */ = {isa = PBXBuildFile; fileRef = A891E33822C008A3009F9D10 /* UIColor+Hex.swift */; };
		A896D95422BBFB1F005F61DF /* Train.swift in Sources */ = {isa = PBXBuildFile; fileRef = A896D95322BBFB1F005F61DF /* Train.swift */; };
		A896D95622BBFB50005F61DF /* TrainStopService.swift in Sources */ = {isa = PBXBuildFile; fileRef = A896D95522BBFB50005F61DF /* TrainStopService.swift */; };
		A896D95922BBFB90005F61DF /* TrainStop.swift in Sources */ = {isa = PBXBuildFile; fileRef = A896D95822BBFB90005F61DF /* TrainStop.swift */; };
		A896D95B22BBFCB7005F61DF /* RouteResult.swift in Sources */ = {isa = PBXBuildFile; fileRef = A896D95A22BBFCB7005F61DF /* RouteResult.swift */; };
		A896D95F22BBFE50005F61DF /* DirectRoute.swift in Sources */ = {isa = PBXBuildFile; fileRef = A896D95E22BBFE50005F61DF /* DirectRoute.swift */; };
		A896D96122BBFEF6005F61DF /* RouteStation.swift in Sources */ = {isa = PBXBuildFile; fileRef = A896D96022BBFEF6005F61DF /* RouteStation.swift */; };
		A896D96422BC05DF005F61DF /* Array+ToDictionary.swift in Sources */ = {isa = PBXBuildFile; fileRef = A896D96322BC05DF005F61DF /* Array+ToDictionary.swift */; };
		A896D96822BC076B005F61DF /* RouteResultVC.swift in Sources */ = {isa = PBXBuildFile; fileRef = A896D96622BC076B005F61DF /* RouteResultVC.swift */; };
		A896D96922BC076B005F61DF /* RouteResultVC.xib in Resources */ = {isa = PBXBuildFile; fileRef = A896D96722BC076B005F61DF /* RouteResultVC.xib */; };
		A896D96B22BC07D6005F61DF /* DirectRouteCell.xib in Resources */ = {isa = PBXBuildFile; fileRef = A896D96A22BC07D6005F61DF /* DirectRouteCell.xib */; };
		A896D96D22BC0829005F61DF /* DirectRouteCell.swift in Sources */ = {isa = PBXBuildFile; fileRef = A896D96C22BC0829005F61DF /* DirectRouteCell.swift */; };
		A896D96F22BC1646005F61DF /* IndirectRouteService.swift in Sources */ = {isa = PBXBuildFile; fileRef = A896D96E22BC1646005F61DF /* IndirectRouteService.swift */; };
		A896D97122BC1983005F61DF /* IndirectRoute.swift in Sources */ = {isa = PBXBuildFile; fileRef = A896D97022BC1983005F61DF /* IndirectRoute.swift */; };
		A896D97322BC1B20005F61DF /* IndirectRouteCell.swift in Sources */ = {isa = PBXBuildFile; fileRef = A896D97222BC1B20005F61DF /* IndirectRouteCell.swift */; };
		A896D97522BC1B65005F61DF /* IndirectRouteCell.xib in Resources */ = {isa = PBXBuildFile; fileRef = A896D97422BC1B65005F61DF /* IndirectRouteCell.xib */; };
		A896D97822BD3492005F61DF /* RigidTableView.swift in Sources */ = {isa = PBXBuildFile; fileRef = A896D97722BD3492005F61DF /* RigidTableView.swift */; };
		A896D97A22BD393C005F61DF /* FavouriteRouteCell.swift in Sources */ = {isa = PBXBuildFile; fileRef = A896D97922BD393C005F61DF /* FavouriteRouteCell.swift */; };
		A896D97C22BD39D9005F61DF /* RecentRouteCell.swift in Sources */ = {isa = PBXBuildFile; fileRef = A896D97B22BD39D9005F61DF /* RecentRouteCell.swift */; };
		A8AFA5A222BAFDFC00467D89 /* RouteTrain.swift in Sources */ = {isa = PBXBuildFile; fileRef = A8AFA5A122BAFDFC00467D89 /* RouteTrain.swift */; };
		A8AFA5A622BAFE6400467D89 /* RouteResultService.swift in Sources */ = {isa = PBXBuildFile; fileRef = A8AFA5A522BAFE6400467D89 /* RouteResultService.swift */; };
		A8AFA5AA22BAFEFE00467D89 /* DirectRouteService.swift in Sources */ = {isa = PBXBuildFile; fileRef = A8AFA5A922BAFEFE00467D89 /* DirectRouteService.swift */; };
		A8AFA5AE22BAFFF800467D89 /* RouteTrainService.swift in Sources */ = {isa = PBXBuildFile; fileRef = A8AFA5AD22BAFFF800467D89 /* RouteTrainService.swift */; };
		A8AFA5B022BB00B000467D89 /* RouteStationService.swift in Sources */ = {isa = PBXBuildFile; fileRef = A8AFA5AF22BB00B000467D89 /* RouteStationService.swift */; };
		A8AFA5B222BB070D00467D89 /* TrainService.swift in Sources */ = {isa = PBXBuildFile; fileRef = A8AFA5B122BB070D00467D89 /* TrainService.swift */; };
		A8B05AFC22BE1C290087DA3F /* UIView+RemoveConstraints.swift in Sources */ = {isa = PBXBuildFile; fileRef = A8B05AFB22BE1C290087DA3F /* UIView+RemoveConstraints.swift */; };
		A8C86F90238448C30042675A /* GoogleService-Info.plist in Resources */ = {isa = PBXBuildFile; fileRef = A8C86F8F238448C30042675A /* GoogleService-Info.plist */; };
		A8C86F9223844E880042675A /* SearchType.swift in Sources */ = {isa = PBXBuildFile; fileRef = A8C86F9123844E880042675A /* SearchType.swift */; };
		A8C86F942384816A0042675A /* RPEvents.swift in Sources */ = {isa = PBXBuildFile; fileRef = A8C86F932384816A0042675A /* RPEvents.swift */; };
		A8D6C3E922C3F479003CD712 /* FavouriteDetailsVC.swift in Sources */ = {isa = PBXBuildFile; fileRef = A8D6C3E722C3F479003CD712 /* FavouriteDetailsVC.swift */; };
		A8D6C3EA22C3F479003CD712 /* FavouriteDetailsVC.xib in Resources */ = {isa = PBXBuildFile; fileRef = A8D6C3E822C3F479003CD712 /* FavouriteDetailsVC.xib */; };
		A8D6C3EC22C3FF69003CD712 /* UIView+Shake.swift in Sources */ = {isa = PBXBuildFile; fileRef = A8D6C3EB22C3FF69003CD712 /* UIView+Shake.swift */; };
		A8D6C3F022C40874003CD712 /* EditFavouritesVC.swift in Sources */ = {isa = PBXBuildFile; fileRef = A8D6C3EE22C40874003CD712 /* EditFavouritesVC.swift */; };
		A8D6C3F122C40874003CD712 /* EditFavouritesVC.xib in Resources */ = {isa = PBXBuildFile; fileRef = A8D6C3EF22C40874003CD712 /* EditFavouritesVC.xib */; };
		A8D6C3F322C4099D003CD712 /* FavouriteRouteCell.xib in Resources */ = {isa = PBXBuildFile; fileRef = A8D6C3F222C4099D003CD712 /* FavouriteRouteCell.xib */; };
		A8D7E3D222B8000C002E0A39 /* StoryboardUtilities.swift in Sources */ = {isa = PBXBuildFile; fileRef = A8D7E3D122B8000C002E0A39 /* StoryboardUtilities.swift */; };
		A8D7E3D422B80255002E0A39 /* StationResultCell.xib in Resources */ = {isa = PBXBuildFile; fileRef = A8D7E3D322B80255002E0A39 /* StationResultCell.xib */; };
		A8D7E3D622B8072D002E0A39 /* DataStore.swift in Sources */ = {isa = PBXBuildFile; fileRef = A8D7E3D522B8072D002E0A39 /* DataStore.swift */; };
		A8D7E3DA22B81B61002E0A39 /* DatePickerVC.swift in Sources */ = {isa = PBXBuildFile; fileRef = A8D7E3D822B81B61002E0A39 /* DatePickerVC.swift */; };
		A8D7E3DB22B81B61002E0A39 /* DatePickerVC.xib in Resources */ = {isa = PBXBuildFile; fileRef = A8D7E3D922B81B61002E0A39 /* DatePickerVC.xib */; };
		A8D9121023848AC0005E461F /* StationsVC.xib in Resources */ = {isa = PBXBuildFile; fileRef = A8D9120F23848AC0005E461F /* StationsVC.xib */; };
		A8D9121323848BAC005E461F /* StationsMapVC.xib in Resources */ = {isa = PBXBuildFile; fileRef = A8D9121223848BAC005E461F /* StationsMapVC.xib */; };
		A8D9121523848BC6005E461F /* SearchStationVC.xib in Resources */ = {isa = PBXBuildFile; fileRef = A8D9121423848BC6005E461F /* SearchStationVC.xib */; };
		A8D9121B23848D8C005E461F /* RecentRouteCell.xib in Resources */ = {isa = PBXBuildFile; fileRef = A8D9121A23848D8C005E461F /* RecentRouteCell.xib */; };
		A8D9121D23848E65005E461F /* EmptyRecentRouteCell.xib in Resources */ = {isa = PBXBuildFile; fileRef = A8D9121C23848E65005E461F /* EmptyRecentRouteCell.xib */; };
		A8D9121F23848FF2005E461F /* EmptyFavouriteRouteCell.xib in Resources */ = {isa = PBXBuildFile; fileRef = A8D9121E23848FF2005E461F /* EmptyFavouriteRouteCell.xib */; };
/* End PBXBuildFile section */

/* Begin PBXFileReference section */
		5A383DF8A4795C38E3D3F956 /* Pods-TravelTest.release.xcconfig */ = {isa = PBXFileReference; includeInIndex = 1; lastKnownFileType = text.xcconfig; name = "Pods-TravelTest.release.xcconfig"; path = "Pods/Target Support Files/Pods-TravelTest/Pods-TravelTest.release.xcconfig"; sourceTree = "<group>"; };
		5EA335E91A07766E079B7ACB /* Pods_RakevetPlus.framework */ = {isa = PBXFileReference; explicitFileType = wrapper.framework; includeInIndex = 0; path = Pods_RakevetPlus.framework; sourceTree = BUILT_PRODUCTS_DIR; };
		6CB36C880582403E2F06F2D5 /* Pods-TravelTest.debug.xcconfig */ = {isa = PBXFileReference; includeInIndex = 1; lastKnownFileType = text.xcconfig; name = "Pods-TravelTest.debug.xcconfig"; path = "Pods/Target Support Files/Pods-TravelTest/Pods-TravelTest.debug.xcconfig"; sourceTree = "<group>"; };
		A853A31222B3FFF600D0B05C /* RakevetPlus.app */ = {isa = PBXFileReference; explicitFileType = wrapper.application; includeInIndex = 0; path = RakevetPlus.app; sourceTree = BUILT_PRODUCTS_DIR; };
		A853A31722B3FFF600D0B05C /* StationsVC.swift */ = {isa = PBXFileReference; lastKnownFileType = sourcecode.swift; path = StationsVC.swift; sourceTree = "<group>"; };
		A853A31A22B3FFF600D0B05C /* Base */ = {isa = PBXFileReference; lastKnownFileType = file.storyboard; name = Base; path = Base.lproj/Main.storyboard; sourceTree = "<group>"; };
		A853A31C22B3FFFA00D0B05C /* Assets.xcassets */ = {isa = PBXFileReference; lastKnownFileType = folder.assetcatalog; path = Assets.xcassets; sourceTree = "<group>"; };
		A853A31F22B3FFFA00D0B05C /* Base */ = {isa = PBXFileReference; lastKnownFileType = file.storyboard; name = Base; path = Base.lproj/LaunchScreen.storyboard; sourceTree = "<group>"; };
		A853A32122B3FFFA00D0B05C /* Info.plist */ = {isa = PBXFileReference; lastKnownFileType = text.plist.xml; path = Info.plist; sourceTree = "<group>"; };
		A853A32822B4005200D0B05C /* train_stations.json */ = {isa = PBXFileReference; fileEncoding = 4; lastKnownFileType = text.json; path = train_stations.json; sourceTree = "<group>"; };
		A853A32A22B4076A00D0B05C /* StationsMapVC.swift */ = {isa = PBXFileReference; lastKnownFileType = sourcecode.swift; path = StationsMapVC.swift; sourceTree = "<group>"; };
		A853A32D22B4247700D0B05C /* TrainStation.swift */ = {isa = PBXFileReference; lastKnownFileType = sourcecode.swift; path = TrainStation.swift; sourceTree = "<group>"; };
		A853A33622B42A2C00D0B05C /* SearchStationVC.swift */ = {isa = PBXFileReference; lastKnownFileType = sourcecode.swift; path = SearchStationVC.swift; sourceTree = "<group>"; };
		A853A33822B42B2F00D0B05C /* StationResultCell.swift */ = {isa = PBXFileReference; lastKnownFileType = sourcecode.swift; path = StationResultCell.swift; sourceTree = "<group>"; };
		A891E31F22BE9B51009F9D10 /* AppDelegate.swift */ = {isa = PBXFileReference; fileEncoding = 4; lastKnownFileType = sourcecode.swift; path = AppDelegate.swift; sourceTree = "<group>"; };
		A891E32122BE9B6D009F9D10 /* RouteDetailsVC.swift */ = {isa = PBXFileReference; lastKnownFileType = sourcecode.swift; path = RouteDetailsVC.swift; sourceTree = "<group>"; };
		A891E32222BE9B6D009F9D10 /* RouteDetailsVC.xib */ = {isa = PBXFileReference; lastKnownFileType = file.xib; path = RouteDetailsVC.xib; sourceTree = "<group>"; };
		A891E32722BEF2BC009F9D10 /* RouteDetailCell.swift */ = {isa = PBXFileReference; lastKnownFileType = sourcecode.swift; path = RouteDetailCell.swift; sourceTree = "<group>"; };
		A891E32822BEF2BC009F9D10 /* RouteDetailCell.xib */ = {isa = PBXFileReference; lastKnownFileType = file.xib; path = RouteDetailCell.xib; sourceTree = "<group>"; };
		A891E33322BFEE2A009F9D10 /* TrainSwitchCell.swift */ = {isa = PBXFileReference; lastKnownFileType = sourcecode.swift; path = TrainSwitchCell.swift; sourceTree = "<group>"; };
		A891E33422BFEE2A009F9D10 /* TrainSwitchCell.xib */ = {isa = PBXFileReference; lastKnownFileType = file.xib; path = TrainSwitchCell.xib; sourceTree = "<group>"; };
		A891E33822C008A3009F9D10 /* UIColor+Hex.swift */ = {isa = PBXFileReference; lastKnownFileType = sourcecode.swift; path = "UIColor+Hex.swift"; sourceTree = "<group>"; };
		A896D95322BBFB1F005F61DF /* Train.swift */ = {isa = PBXFileReference; lastKnownFileType = sourcecode.swift; path = Train.swift; sourceTree = "<group>"; };
		A896D95522BBFB50005F61DF /* TrainStopService.swift */ = {isa = PBXFileReference; lastKnownFileType = sourcecode.swift; path = TrainStopService.swift; sourceTree = "<group>"; };
		A896D95822BBFB90005F61DF /* TrainStop.swift */ = {isa = PBXFileReference; lastKnownFileType = sourcecode.swift; path = TrainStop.swift; sourceTree = "<group>"; };
		A896D95A22BBFCB7005F61DF /* RouteResult.swift */ = {isa = PBXFileReference; lastKnownFileType = sourcecode.swift; path = RouteResult.swift; sourceTree = "<group>"; };
		A896D95E22BBFE50005F61DF /* DirectRoute.swift */ = {isa = PBXFileReference; lastKnownFileType = sourcecode.swift; path = DirectRoute.swift; sourceTree = "<group>"; };
		A896D96022BBFEF6005F61DF /* RouteStation.swift */ = {isa = PBXFileReference; lastKnownFileType = sourcecode.swift; path = RouteStation.swift; sourceTree = "<group>"; };
		A896D96322BC05DF005F61DF /* Array+ToDictionary.swift */ = {isa = PBXFileReference; lastKnownFileType = sourcecode.swift; path = "Array+ToDictionary.swift"; sourceTree = "<group>"; };
		A896D96622BC076B005F61DF /* RouteResultVC.swift */ = {isa = PBXFileReference; lastKnownFileType = sourcecode.swift; path = RouteResultVC.swift; sourceTree = "<group>"; };
		A896D96722BC076B005F61DF /* RouteResultVC.xib */ = {isa = PBXFileReference; lastKnownFileType = file.xib; path = RouteResultVC.xib; sourceTree = "<group>"; };
		A896D96A22BC07D6005F61DF /* DirectRouteCell.xib */ = {isa = PBXFileReference; lastKnownFileType = file.xib; path = DirectRouteCell.xib; sourceTree = "<group>"; };
		A896D96C22BC0829005F61DF /* DirectRouteCell.swift */ = {isa = PBXFileReference; lastKnownFileType = sourcecode.swift; path = DirectRouteCell.swift; sourceTree = "<group>"; };
		A896D96E22BC1646005F61DF /* IndirectRouteService.swift */ = {isa = PBXFileReference; lastKnownFileType = sourcecode.swift; path = IndirectRouteService.swift; sourceTree = "<group>"; };
		A896D97022BC1983005F61DF /* IndirectRoute.swift */ = {isa = PBXFileReference; lastKnownFileType = sourcecode.swift; path = IndirectRoute.swift; sourceTree = "<group>"; };
		A896D97222BC1B20005F61DF /* IndirectRouteCell.swift */ = {isa = PBXFileReference; lastKnownFileType = sourcecode.swift; path = IndirectRouteCell.swift; sourceTree = "<group>"; };
		A896D97422BC1B65005F61DF /* IndirectRouteCell.xib */ = {isa = PBXFileReference; lastKnownFileType = file.xib; path = IndirectRouteCell.xib; sourceTree = "<group>"; };
		A896D97722BD3492005F61DF /* RigidTableView.swift */ = {isa = PBXFileReference; lastKnownFileType = sourcecode.swift; path = RigidTableView.swift; sourceTree = "<group>"; };
		A896D97922BD393C005F61DF /* FavouriteRouteCell.swift */ = {isa = PBXFileReference; lastKnownFileType = sourcecode.swift; path = FavouriteRouteCell.swift; sourceTree = "<group>"; };
		A896D97B22BD39D9005F61DF /* RecentRouteCell.swift */ = {isa = PBXFileReference; lastKnownFileType = sourcecode.swift; path = RecentRouteCell.swift; sourceTree = "<group>"; };
		A8AFA5A122BAFDFC00467D89 /* RouteTrain.swift */ = {isa = PBXFileReference; lastKnownFileType = sourcecode.swift; path = RouteTrain.swift; sourceTree = "<group>"; };
		A8AFA5A522BAFE6400467D89 /* RouteResultService.swift */ = {isa = PBXFileReference; lastKnownFileType = sourcecode.swift; path = RouteResultService.swift; sourceTree = "<group>"; };
		A8AFA5A922BAFEFE00467D89 /* DirectRouteService.swift */ = {isa = PBXFileReference; lastKnownFileType = sourcecode.swift; path = DirectRouteService.swift; sourceTree = "<group>"; };
		A8AFA5AD22BAFFF800467D89 /* RouteTrainService.swift */ = {isa = PBXFileReference; lastKnownFileType = sourcecode.swift; path = RouteTrainService.swift; sourceTree = "<group>"; };
		A8AFA5AF22BB00B000467D89 /* RouteStationService.swift */ = {isa = PBXFileReference; lastKnownFileType = sourcecode.swift; path = RouteStationService.swift; sourceTree = "<group>"; };
		A8AFA5B122BB070D00467D89 /* TrainService.swift */ = {isa = PBXFileReference; lastKnownFileType = sourcecode.swift; path = TrainService.swift; sourceTree = "<group>"; };
		A8B05AFB22BE1C290087DA3F /* UIView+RemoveConstraints.swift */ = {isa = PBXFileReference; lastKnownFileType = sourcecode.swift; path = "UIView+RemoveConstraints.swift"; sourceTree = "<group>"; };
		A8C86F8F238448C30042675A /* GoogleService-Info.plist */ = {isa = PBXFileReference; fileEncoding = 4; lastKnownFileType = text.plist.xml; path = "GoogleService-Info.plist"; sourceTree = "<group>"; };
		A8C86F9123844E880042675A /* SearchType.swift */ = {isa = PBXFileReference; lastKnownFileType = sourcecode.swift; path = SearchType.swift; sourceTree = "<group>"; };
		A8C86F932384816A0042675A /* RPEvents.swift */ = {isa = PBXFileReference; lastKnownFileType = sourcecode.swift; path = RPEvents.swift; sourceTree = "<group>"; };
		A8D6C3E722C3F479003CD712 /* FavouriteDetailsVC.swift */ = {isa = PBXFileReference; lastKnownFileType = sourcecode.swift; path = FavouriteDetailsVC.swift; sourceTree = "<group>"; };
		A8D6C3E822C3F479003CD712 /* FavouriteDetailsVC.xib */ = {isa = PBXFileReference; lastKnownFileType = file.xib; path = FavouriteDetailsVC.xib; sourceTree = "<group>"; };
		A8D6C3EB22C3FF69003CD712 /* UIView+Shake.swift */ = {isa = PBXFileReference; lastKnownFileType = sourcecode.swift; path = "UIView+Shake.swift"; sourceTree = "<group>"; };
		A8D6C3EE22C40874003CD712 /* EditFavouritesVC.swift */ = {isa = PBXFileReference; lastKnownFileType = sourcecode.swift; path = EditFavouritesVC.swift; sourceTree = "<group>"; };
		A8D6C3EF22C40874003CD712 /* EditFavouritesVC.xib */ = {isa = PBXFileReference; lastKnownFileType = file.xib; path = EditFavouritesVC.xib; sourceTree = "<group>"; };
		A8D6C3F222C4099D003CD712 /* FavouriteRouteCell.xib */ = {isa = PBXFileReference; lastKnownFileType = file.xib; path = FavouriteRouteCell.xib; sourceTree = "<group>"; };
		A8D7E3D122B8000C002E0A39 /* StoryboardUtilities.swift */ = {isa = PBXFileReference; lastKnownFileType = sourcecode.swift; path = StoryboardUtilities.swift; sourceTree = "<group>"; };
		A8D7E3D322B80255002E0A39 /* StationResultCell.xib */ = {isa = PBXFileReference; lastKnownFileType = file.xib; path = StationResultCell.xib; sourceTree = "<group>"; };
		A8D7E3D522B8072D002E0A39 /* DataStore.swift */ = {isa = PBXFileReference; lastKnownFileType = sourcecode.swift; path = DataStore.swift; sourceTree = "<group>"; };
		A8D7E3D822B81B61002E0A39 /* DatePickerVC.swift */ = {isa = PBXFileReference; lastKnownFileType = sourcecode.swift; path = DatePickerVC.swift; sourceTree = "<group>"; };
		A8D7E3D922B81B61002E0A39 /* DatePickerVC.xib */ = {isa = PBXFileReference; lastKnownFileType = file.xib; path = DatePickerVC.xib; sourceTree = "<group>"; };
		A8D9120F23848AC0005E461F /* StationsVC.xib */ = {isa = PBXFileReference; lastKnownFileType = file.xib; path = StationsVC.xib; sourceTree = "<group>"; };
		A8D9121223848BAC005E461F /* StationsMapVC.xib */ = {isa = PBXFileReference; lastKnownFileType = file.xib; path = StationsMapVC.xib; sourceTree = "<group>"; };
		A8D9121423848BC6005E461F /* SearchStationVC.xib */ = {isa = PBXFileReference; lastKnownFileType = file.xib; path = SearchStationVC.xib; sourceTree = "<group>"; };
		A8D9121A23848D8C005E461F /* RecentRouteCell.xib */ = {isa = PBXFileReference; lastKnownFileType = file.xib; path = RecentRouteCell.xib; sourceTree = "<group>"; };
		A8D9121C23848E65005E461F /* EmptyRecentRouteCell.xib */ = {isa = PBXFileReference; lastKnownFileType = file.xib; path = EmptyRecentRouteCell.xib; sourceTree = "<group>"; };
		A8D9121E23848FF2005E461F /* EmptyFavouriteRouteCell.xib */ = {isa = PBXFileReference; lastKnownFileType = file.xib; path = EmptyFavouriteRouteCell.xib; sourceTree = "<group>"; };
		C1BF3787C8638A1E94209EDF /* Pods-RakevetPlus.release.xcconfig */ = {isa = PBXFileReference; includeInIndex = 1; lastKnownFileType = text.xcconfig; name = "Pods-RakevetPlus.release.xcconfig"; path = "Pods/Target Support Files/Pods-RakevetPlus/Pods-RakevetPlus.release.xcconfig"; sourceTree = "<group>"; };
		C8A92C6EDAF80D7C74F48C10 /* Pods_TravelTest.framework */ = {isa = PBXFileReference; explicitFileType = wrapper.framework; includeInIndex = 0; path = Pods_TravelTest.framework; sourceTree = BUILT_PRODUCTS_DIR; };
		F2F33CC8902F6E2BB2842ECE /* Pods-RakevetPlus.debug.xcconfig */ = {isa = PBXFileReference; includeInIndex = 1; lastKnownFileType = text.xcconfig; name = "Pods-RakevetPlus.debug.xcconfig"; path = "Pods/Target Support Files/Pods-RakevetPlus/Pods-RakevetPlus.debug.xcconfig"; sourceTree = "<group>"; };
/* End PBXFileReference section */

/* Begin PBXFrameworksBuildPhase section */
		A853A30F22B3FFF600D0B05C /* Frameworks */ = {
			isa = PBXFrameworksBuildPhase;
			buildActionMask = 2147483647;
			files = (
				03E21B20519141F7C80E49AB /* Pods_RakevetPlus.framework in Frameworks */,
			);
			runOnlyForDeploymentPostprocessing = 0;
		};
/* End PBXFrameworksBuildPhase section */

/* Begin PBXGroup section */
		675641FC9FE0E7D6C599BABB /* Pods */ = {
			isa = PBXGroup;
			children = (
				6CB36C880582403E2F06F2D5 /* Pods-TravelTest.debug.xcconfig */,
				5A383DF8A4795C38E3D3F956 /* Pods-TravelTest.release.xcconfig */,
				F2F33CC8902F6E2BB2842ECE /* Pods-RakevetPlus.debug.xcconfig */,
				C1BF3787C8638A1E94209EDF /* Pods-RakevetPlus.release.xcconfig */,
			);
			name = Pods;
			sourceTree = "<group>";
		};
		8244723028C6358623E3CC0B /* Frameworks */ = {
			isa = PBXGroup;
			children = (
				C8A92C6EDAF80D7C74F48C10 /* Pods_TravelTest.framework */,
				5EA335E91A07766E079B7ACB /* Pods_RakevetPlus.framework */,
			);
			name = Frameworks;
			sourceTree = "<group>";
		};
		A853A30922B3FFF600D0B05C = {
			isa = PBXGroup;
			children = (
				A853A31422B3FFF600D0B05C /* TravelTest */,
				A853A31322B3FFF600D0B05C /* Products */,
				675641FC9FE0E7D6C599BABB /* Pods */,
				8244723028C6358623E3CC0B /* Frameworks */,
			);
			sourceTree = "<group>";
		};
		A853A31322B3FFF600D0B05C /* Products */ = {
			isa = PBXGroup;
			children = (
				A853A31222B3FFF600D0B05C /* RakevetPlus.app */,
			);
			name = Products;
			sourceTree = "<group>";
		};
		A853A31422B3FFF600D0B05C /* TravelTest */ = {
			isa = PBXGroup;
			children = (
				A853A32122B3FFFA00D0B05C /* Info.plist */,
				A8C86F8F238448C30042675A /* GoogleService-Info.plist */,
				A853A31922B3FFF600D0B05C /* Main.storyboard */,
				A891E31F22BE9B51009F9D10 /* AppDelegate.swift */,
				A853A31E22B3FFFA00D0B05C /* LaunchScreen.storyboard */,
				A853A31C22B3FFFA00D0B05C /* Assets.xcassets */,
				A896D97622BD2BDF005F61DF /* View Controllers */,
				A8D7E3D022B7FFEC002E0A39 /* Utilities */,
				A853A32C22B4246000D0B05C /* Data Models */,
				A896D96222BC05CE005F61DF /* Extensions */,
				A853A32722B4001500D0B05C /* Resources */,
				A896D97722BD3492005F61DF /* RigidTableView.swift */,
			);
			path = TravelTest;
			sourceTree = "<group>";
		};
		A853A32722B4001500D0B05C /* Resources */ = {
			isa = PBXGroup;
			children = (
				A853A32822B4005200D0B05C /* train_stations.json */,
			);
			path = Resources;
			sourceTree = "<group>";
		};
		A853A32C22B4246000D0B05C /* Data Models */ = {
			isa = PBXGroup;
			children = (
				A896D95722BBFB73005F61DF /* Intermediate */,
				A8D7E3D522B8072D002E0A39 /* DataStore.swift */,
				A896D95E22BBFE50005F61DF /* DirectRoute.swift */,
				A896D95A22BBFCB7005F61DF /* RouteResult.swift */,
				A896D96022BBFEF6005F61DF /* RouteStation.swift */,
				A8AFA5A122BAFDFC00467D89 /* RouteTrain.swift */,
				A896D95322BBFB1F005F61DF /* Train.swift */,
				A853A32D22B4247700D0B05C /* TrainStation.swift */,
				A896D95822BBFB90005F61DF /* TrainStop.swift */,
				A896D97022BC1983005F61DF /* IndirectRoute.swift */,
			);
			path = "Data Models";
			sourceTree = "<group>";
		};
		A853A32F22B424BF00D0B05C /* StationsVC */ = {
			isa = PBXGroup;
			children = (
				A853A31722B3FFF600D0B05C /* StationsVC.swift */,
				A8D9120F23848AC0005E461F /* StationsVC.xib */,
				A8D91220238499CD005E461F /* FavouriteRouteCell */,
				A8D91221238499D9005E461F /* RecentRouteCell */,
			);
			path = StationsVC;
			sourceTree = "<group>";
		};
		A853A33022B424C900D0B05C /* StationsMapVC */ = {
			isa = PBXGroup;
			children = (
				A853A32A22B4076A00D0B05C /* StationsMapVC.swift */,
				A8D9121223848BAC005E461F /* StationsMapVC.xib */,
			);
			path = StationsMapVC;
			sourceTree = "<group>";
		};
		A853A33A22B42E1D00D0B05C /* SearchStationVC */ = {
			isa = PBXGroup;
			children = (
				A853A33622B42A2C00D0B05C /* SearchStationVC.swift */,
				A8D9121423848BC6005E461F /* SearchStationVC.xib */,
				A8D91222238499F1005E461F /* StationResultCell */,
				A8C86F9123844E880042675A /* SearchType.swift */,
			);
			path = SearchStationVC;
			sourceTree = "<group>";
		};
		A891E32522BEF28E009F9D10 /* RouteDetailsVC */ = {
			isa = PBXGroup;
			children = (
				A891E32122BE9B6D009F9D10 /* RouteDetailsVC.swift */,
				A891E32222BE9B6D009F9D10 /* RouteDetailsVC.xib */,
				A891E33722C00022009F9D10 /* TrainSwitchCell */,
				A891E32622BEF296009F9D10 /* RouteDetailCell */,
			);
			path = RouteDetailsVC;
			sourceTree = "<group>";
		};
		A891E32622BEF296009F9D10 /* RouteDetailCell */ = {
			isa = PBXGroup;
			children = (
				A891E32722BEF2BC009F9D10 /* RouteDetailCell.swift */,
				A891E32822BEF2BC009F9D10 /* RouteDetailCell.xib */,
			);
			path = RouteDetailCell;
			sourceTree = "<group>";
		};
		A891E33722C00022009F9D10 /* TrainSwitchCell */ = {
			isa = PBXGroup;
			children = (
				A891E33322BFEE2A009F9D10 /* TrainSwitchCell.swift */,
				A891E33422BFEE2A009F9D10 /* TrainSwitchCell.xib */,
			);
			path = TrainSwitchCell;
			sourceTree = "<group>";
		};
		A896D95722BBFB73005F61DF /* Intermediate */ = {
			isa = PBXGroup;
			children = (
				A896D95522BBFB50005F61DF /* TrainStopService.swift */,
				A8AFA5A522BAFE6400467D89 /* RouteResultService.swift */,
				A8AFA5B122BB070D00467D89 /* TrainService.swift */,
				A8AFA5A922BAFEFE00467D89 /* DirectRouteService.swift */,
				A8AFA5AD22BAFFF800467D89 /* RouteTrainService.swift */,
				A8AFA5AF22BB00B000467D89 /* RouteStationService.swift */,
				A896D96E22BC1646005F61DF /* IndirectRouteService.swift */,
			);
			path = Intermediate;
			sourceTree = "<group>";
		};
		A896D96222BC05CE005F61DF /* Extensions */ = {
			isa = PBXGroup;
			children = (
				A896D96322BC05DF005F61DF /* Array+ToDictionary.swift */,
				A8D6C3EB22C3FF69003CD712 /* UIView+Shake.swift */,
				A8B05AFB22BE1C290087DA3F /* UIView+RemoveConstraints.swift */,
				A891E33822C008A3009F9D10 /* UIColor+Hex.swift */,
			);
			path = Extensions;
			sourceTree = "<group>";
		};
		A896D96522BC0756005F61DF /* RouteResultVC */ = {
			isa = PBXGroup;
			children = (
				A896D96622BC076B005F61DF /* RouteResultVC.swift */,
				A896D96722BC076B005F61DF /* RouteResultVC.xib */,
				A8C5C5D122DBAC76002F27C5 /* DirectRouteCell */,
				A8C5C5D222DBAC7D002F27C5 /* IndirectRouteCell */,
			);
			path = RouteResultVC;
			sourceTree = "<group>";
		};
		A896D97622BD2BDF005F61DF /* View Controllers */ = {
			isa = PBXGroup;
			children = (
				A8D6C3ED22C40861003CD712 /* EditFavouritesVC */,
				A8D6C3E622C3F45A003CD712 /* FavouriteDetailsVC */,
				A8D7E3D722B81B4B002E0A39 /* DatePickerVC */,
				A896D96522BC0756005F61DF /* RouteResultVC */,
				A853A32F22B424BF00D0B05C /* StationsVC */,
				A853A33022B424C900D0B05C /* StationsMapVC */,
				A853A33A22B42E1D00D0B05C /* SearchStationVC */,
				A891E32522BEF28E009F9D10 /* RouteDetailsVC */,
			);
			path = "View Controllers";
			sourceTree = "<group>";
		};
		A8C5C5D122DBAC76002F27C5 /* DirectRouteCell */ = {
			isa = PBXGroup;
			children = (
				A896D96A22BC07D6005F61DF /* DirectRouteCell.xib */,
				A896D96C22BC0829005F61DF /* DirectRouteCell.swift */,
			);
			path = DirectRouteCell;
			sourceTree = "<group>";
		};
		A8C5C5D222DBAC7D002F27C5 /* IndirectRouteCell */ = {
			isa = PBXGroup;
			children = (
				A896D97222BC1B20005F61DF /* IndirectRouteCell.swift */,
				A896D97422BC1B65005F61DF /* IndirectRouteCell.xib */,
			);
			path = IndirectRouteCell;
			sourceTree = "<group>";
		};
		A8D6C3E622C3F45A003CD712 /* FavouriteDetailsVC */ = {
			isa = PBXGroup;
			children = (
				A8D6C3E722C3F479003CD712 /* FavouriteDetailsVC.swift */,
				A8D6C3E822C3F479003CD712 /* FavouriteDetailsVC.xib */,
			);
			path = FavouriteDetailsVC;
			sourceTree = "<group>";
		};
		A8D6C3ED22C40861003CD712 /* EditFavouritesVC */ = {
			isa = PBXGroup;
			children = (
				A8D6C3EE22C40874003CD712 /* EditFavouritesVC.swift */,
				A8D6C3EF22C40874003CD712 /* EditFavouritesVC.xib */,
			);
			path = EditFavouritesVC;
			sourceTree = "<group>";
		};
		A8D7E3D022B7FFEC002E0A39 /* Utilities */ = {
			isa = PBXGroup;
			children = (
				A8D7E3D122B8000C002E0A39 /* StoryboardUtilities.swift */,
				A8C86F932384816A0042675A /* RPEvents.swift */,
			);
			path = Utilities;
			sourceTree = "<group>";
		};
		A8D7E3D722B81B4B002E0A39 /* DatePickerVC */ = {
			isa = PBXGroup;
			children = (
				A8D7E3D822B81B61002E0A39 /* DatePickerVC.swift */,
				A8D7E3D922B81B61002E0A39 /* DatePickerVC.xib */,
			);
			path = DatePickerVC;
			sourceTree = "<group>";
		};
		A8D91220238499CD005E461F /* FavouriteRouteCell */ = {
			isa = PBXGroup;
			children = (
				A896D97922BD393C005F61DF /* FavouriteRouteCell.swift */,
				A8D6C3F222C4099D003CD712 /* FavouriteRouteCell.xib */,
				A8D9121E23848FF2005E461F /* EmptyFavouriteRouteCell.xib */,
			);
			path = FavouriteRouteCell;
			sourceTree = "<group>";
		};
		A8D91221238499D9005E461F /* RecentRouteCell */ = {
			isa = PBXGroup;
			children = (
				A896D97B22BD39D9005F61DF /* RecentRouteCell.swift */,
				A8D9121A23848D8C005E461F /* RecentRouteCell.xib */,
				A8D9121C23848E65005E461F /* EmptyRecentRouteCell.xib */,
			);
			path = RecentRouteCell;
			sourceTree = "<group>";
		};
		A8D91222238499F1005E461F /* StationResultCell */ = {
			isa = PBXGroup;
			children = (
				A853A33822B42B2F00D0B05C /* StationResultCell.swift */,
				A8D7E3D322B80255002E0A39 /* StationResultCell.xib */,
			);
			path = StationResultCell;
			sourceTree = "<group>";
		};
/* End PBXGroup section */

/* Begin PBXNativeTarget section */
		A853A31122B3FFF600D0B05C /* RakevetPlus */ = {
			isa = PBXNativeTarget;
			buildConfigurationList = A853A32422B3FFFA00D0B05C /* Build configuration list for PBXNativeTarget "RakevetPlus" */;
			buildPhases = (
				B8F5DB447FAC92181A4C3C5B /* [CP] Check Pods Manifest.lock */,
				A853A30E22B3FFF600D0B05C /* Sources */,
				A853A30F22B3FFF600D0B05C /* Frameworks */,
				A853A31022B3FFF600D0B05C /* Resources */,
				C5480BEA6BE48158E79D0CDE /* [CP] Embed Pods Frameworks */,
			);
			buildRules = (
			);
			dependencies = (
			);
			name = RakevetPlus;
			productName = TravelTest;
			productReference = A853A31222B3FFF600D0B05C /* RakevetPlus.app */;
			productType = "com.apple.product-type.application";
		};
/* End PBXNativeTarget section */

/* Begin PBXProject section */
		A853A30A22B3FFF600D0B05C /* Project object */ = {
			isa = PBXProject;
			attributes = {
				LastSwiftUpdateCheck = 1020;
				LastUpgradeCheck = 1020;
				ORGANIZATIONNAME = "Itamar Biton";
				TargetAttributes = {
					A853A31122B3FFF600D0B05C = {
						CreatedOnToolsVersion = 10.2.1;
					};
				};
			};
			buildConfigurationList = A853A30D22B3FFF600D0B05C /* Build configuration list for PBXProject "TravelTest" */;
			compatibilityVersion = "Xcode 9.3";
			developmentRegion = en;
			hasScannedForEncodings = 0;
			knownRegions = (
				en,
				Base,
			);
			mainGroup = A853A30922B3FFF600D0B05C;
			productRefGroup = A853A31322B3FFF600D0B05C /* Products */;
			projectDirPath = "";
			projectRoot = "";
			targets = (
				A853A31122B3FFF600D0B05C /* RakevetPlus */,
			);
		};
/* End PBXProject section */

/* Begin PBXResourcesBuildPhase section */
		A853A31022B3FFF600D0B05C /* Resources */ = {
			isa = PBXResourcesBuildPhase;
			buildActionMask = 2147483647;
			files = (
				A853A32022B3FFFA00D0B05C /* LaunchScreen.storyboard in Resources */,
				A853A32922B4005200D0B05C /* train_stations.json in Resources */,
				A8D6C3F322C4099D003CD712 /* FavouriteRouteCell.xib in Resources */,
				A8D7E3D422B80255002E0A39 /* StationResultCell.xib in Resources */,
				A853A31D22B3FFFA00D0B05C /* Assets.xcassets in Resources */,
				A896D96922BC076B005F61DF /* RouteResultVC.xib in Resources */,
				A8D9121B23848D8C005E461F /* RecentRouteCell.xib in Resources */,
				A8D9121D23848E65005E461F /* EmptyRecentRouteCell.xib in Resources */,
				A8D9121523848BC6005E461F /* SearchStationVC.xib in Resources */,
				A891E32422BE9B6D009F9D10 /* RouteDetailsVC.xib in Resources */,
				A891E32A22BEF2BC009F9D10 /* RouteDetailCell.xib in Resources */,
				A8D6C3EA22C3F479003CD712 /* FavouriteDetailsVC.xib in Resources */,
				A8C86F90238448C30042675A /* GoogleService-Info.plist in Resources */,
				A8D9121323848BAC005E461F /* StationsMapVC.xib in Resources */,
				A8D6C3F122C40874003CD712 /* EditFavouritesVC.xib in Resources */,
				A8D9121023848AC0005E461F /* StationsVC.xib in Resources */,
				A896D96B22BC07D6005F61DF /* DirectRouteCell.xib in Resources */,
				A8D9121F23848FF2005E461F /* EmptyFavouriteRouteCell.xib in Resources */,
				A891E33622BFEE2A009F9D10 /* TrainSwitchCell.xib in Resources */,
				A896D97522BC1B65005F61DF /* IndirectRouteCell.xib in Resources */,
				A8D7E3DB22B81B61002E0A39 /* DatePickerVC.xib in Resources */,
				A853A31B22B3FFF600D0B05C /* Main.storyboard in Resources */,
			);
			runOnlyForDeploymentPostprocessing = 0;
		};
/* End PBXResourcesBuildPhase section */

/* Begin PBXShellScriptBuildPhase section */
		B8F5DB447FAC92181A4C3C5B /* [CP] Check Pods Manifest.lock */ = {
			isa = PBXShellScriptBuildPhase;
			buildActionMask = 2147483647;
			files = (
			);
			inputFileListPaths = (
			);
			inputPaths = (
				"${PODS_PODFILE_DIR_PATH}/Podfile.lock",
				"${PODS_ROOT}/Manifest.lock",
			);
			name = "[CP] Check Pods Manifest.lock";
			outputFileListPaths = (
			);
			outputPaths = (
				"$(DERIVED_FILE_DIR)/Pods-RakevetPlus-checkManifestLockResult.txt",
			);
			runOnlyForDeploymentPostprocessing = 0;
			shellPath = /bin/sh;
			shellScript = "diff \"${PODS_PODFILE_DIR_PATH}/Podfile.lock\" \"${PODS_ROOT}/Manifest.lock\" > /dev/null\nif [ $? != 0 ] ; then\n    # print error to STDERR\n    echo \"error: The sandbox is not in sync with the Podfile.lock. Run 'pod install' or update your CocoaPods installation.\" >&2\n    exit 1\nfi\n# This output is used by Xcode 'outputs' to avoid re-running this script phase.\necho \"SUCCESS\" > \"${SCRIPT_OUTPUT_FILE_0}\"\n";
			showEnvVarsInLog = 0;
		};
		C5480BEA6BE48158E79D0CDE /* [CP] Embed Pods Frameworks */ = {
			isa = PBXShellScriptBuildPhase;
			buildActionMask = 2147483647;
			files = (
			);
			inputFileListPaths = (
			);
			inputPaths = (
				"${SRCROOT}/Pods/Target Support Files/Pods-RakevetPlus/Pods-RakevetPlus-frameworks.sh",
				"${BUILT_PRODUCTS_DIR}/Alamofire/Alamofire.framework",
				"${BUILT_PRODUCTS_DIR}/GTMSessionFetcher/GTMSessionFetcher.framework",
				"${BUILT_PRODUCTS_DIR}/GoogleUtilities/GoogleUtilities.framework",
				"${BUILT_PRODUCTS_DIR}/SwiftDate/SwiftDate.framework",
				"${BUILT_PRODUCTS_DIR}/nanopb/nanopb.framework",
			);
			name = "[CP] Embed Pods Frameworks";
			outputFileListPaths = (
			);
			outputPaths = (
				"${TARGET_BUILD_DIR}/${FRAMEWORKS_FOLDER_PATH}/Alamofire.framework",
				"${TARGET_BUILD_DIR}/${FRAMEWORKS_FOLDER_PATH}/GTMSessionFetcher.framework",
				"${TARGET_BUILD_DIR}/${FRAMEWORKS_FOLDER_PATH}/GoogleUtilities.framework",
				"${TARGET_BUILD_DIR}/${FRAMEWORKS_FOLDER_PATH}/SwiftDate.framework",
				"${TARGET_BUILD_DIR}/${FRAMEWORKS_FOLDER_PATH}/nanopb.framework",
			);
			runOnlyForDeploymentPostprocessing = 0;
			shellPath = /bin/sh;
			shellScript = "\"${SRCROOT}/Pods/Target Support Files/Pods-RakevetPlus/Pods-RakevetPlus-frameworks.sh\"\n";
			showEnvVarsInLog = 0;
		};
/* End PBXShellScriptBuildPhase section */

/* Begin PBXSourcesBuildPhase section */
		A853A30E22B3FFF600D0B05C /* Sources */ = {
			isa = PBXSourcesBuildPhase;
			buildActionMask = 2147483647;
			files = (
				A8D6C3F022C40874003CD712 /* EditFavouritesVC.swift in Sources */,
				A8AFA5A222BAFDFC00467D89 /* RouteTrain.swift in Sources */,
				A8AFA5AE22BAFFF800467D89 /* RouteTrainService.swift in Sources */,
				A8D7E3D222B8000C002E0A39 /* StoryboardUtilities.swift in Sources */,
				A8C86F942384816A0042675A /* RPEvents.swift in Sources */,
				A896D97122BC1983005F61DF /* IndirectRoute.swift in Sources */,
				A853A32B22B4076A00D0B05C /* StationsMapVC.swift in Sources */,
				A8C86F9223844E880042675A /* SearchType.swift in Sources */,
				A8D7E3D622B8072D002E0A39 /* DataStore.swift in Sources */,
				A896D97822BD3492005F61DF /* RigidTableView.swift in Sources */,
				A896D96F22BC1646005F61DF /* IndirectRouteService.swift in Sources */,
				A896D96422BC05DF005F61DF /* Array+ToDictionary.swift in Sources */,
				A8AFA5B022BB00B000467D89 /* RouteStationService.swift in Sources */,
				A8AFA5A622BAFE6400467D89 /* RouteResultService.swift in Sources */,
				A891E33522BFEE2A009F9D10 /* TrainSwitchCell.swift in Sources */,
				A896D97322BC1B20005F61DF /* IndirectRouteCell.swift in Sources */,
				A8AFA5AA22BAFEFE00467D89 /* DirectRouteService.swift in Sources */,
				A853A32E22B4247700D0B05C /* TrainStation.swift in Sources */,
				A896D97C22BD39D9005F61DF /* RecentRouteCell.swift in Sources */,
				A896D97A22BD393C005F61DF /* FavouriteRouteCell.swift in Sources */,
				A891E32922BEF2BC009F9D10 /* RouteDetailCell.swift in Sources */,
				A896D96D22BC0829005F61DF /* DirectRouteCell.swift in Sources */,
				A896D95922BBFB90005F61DF /* TrainStop.swift in Sources */,
				A853A33922B42B2F00D0B05C /* StationResultCell.swift in Sources */,
				A896D96822BC076B005F61DF /* RouteResultVC.swift in Sources */,
				A8D6C3E922C3F479003CD712 /* FavouriteDetailsVC.swift in Sources */,
				A8AFA5B222BB070D00467D89 /* TrainService.swift in Sources */,
				A8D7E3DA22B81B61002E0A39 /* DatePickerVC.swift in Sources */,
				A891E32322BE9B6D009F9D10 /* RouteDetailsVC.swift in Sources */,
				A8D6C3EC22C3FF69003CD712 /* UIView+Shake.swift in Sources */,
				A896D95622BBFB50005F61DF /* TrainStopService.swift in Sources */,
				A896D96122BBFEF6005F61DF /* RouteStation.swift in Sources */,
				A853A31822B3FFF600D0B05C /* StationsVC.swift in Sources */,
				A896D95F22BBFE50005F61DF /* DirectRoute.swift in Sources */,
				A896D95B22BBFCB7005F61DF /* RouteResult.swift in Sources */,
				A853A33722B42A2C00D0B05C /* SearchStationVC.swift in Sources */,
				A891E33922C008A3009F9D10 /* UIColor+Hex.swift in Sources */,
				A8B05AFC22BE1C290087DA3F /* UIView+RemoveConstraints.swift in Sources */,
				A896D95422BBFB1F005F61DF /* Train.swift in Sources */,
				A891E32022BE9B51009F9D10 /* AppDelegate.swift in Sources */,
			);
			runOnlyForDeploymentPostprocessing = 0;
		};
/* End PBXSourcesBuildPhase section */

/* Begin PBXVariantGroup section */
		A853A31922B3FFF600D0B05C /* Main.storyboard */ = {
			isa = PBXVariantGroup;
			children = (
				A853A31A22B3FFF600D0B05C /* Base */,
			);
			name = Main.storyboard;
			sourceTree = "<group>";
		};
		A853A31E22B3FFFA00D0B05C /* LaunchScreen.storyboard */ = {
			isa = PBXVariantGroup;
			children = (
				A853A31F22B3FFFA00D0B05C /* Base */,
			);
			name = LaunchScreen.storyboard;
			sourceTree = "<group>";
		};
/* End PBXVariantGroup section */

/* Begin XCBuildConfiguration section */
		A853A32222B3FFFA00D0B05C /* Debug */ = {
			isa = XCBuildConfiguration;
			buildSettings = {
				ALWAYS_SEARCH_USER_PATHS = NO;
				CLANG_ANALYZER_NONNULL = YES;
				CLANG_ANALYZER_NUMBER_OBJECT_CONVERSION = YES_AGGRESSIVE;
				CLANG_CXX_LANGUAGE_STANDARD = "gnu++14";
				CLANG_CXX_LIBRARY = "libc++";
				CLANG_ENABLE_MODULES = YES;
				CLANG_ENABLE_OBJC_ARC = YES;
				CLANG_ENABLE_OBJC_WEAK = YES;
				CLANG_WARN_BLOCK_CAPTURE_AUTORELEASING = YES;
				CLANG_WARN_BOOL_CONVERSION = YES;
				CLANG_WARN_COMMA = YES;
				CLANG_WARN_CONSTANT_CONVERSION = YES;
				CLANG_WARN_DEPRECATED_OBJC_IMPLEMENTATIONS = YES;
				CLANG_WARN_DIRECT_OBJC_ISA_USAGE = YES_ERROR;
				CLANG_WARN_DOCUMENTATION_COMMENTS = YES;
				CLANG_WARN_EMPTY_BODY = YES;
				CLANG_WARN_ENUM_CONVERSION = YES;
				CLANG_WARN_INFINITE_RECURSION = YES;
				CLANG_WARN_INT_CONVERSION = YES;
				CLANG_WARN_NON_LITERAL_NULL_CONVERSION = YES;
				CLANG_WARN_OBJC_IMPLICIT_RETAIN_SELF = YES;
				CLANG_WARN_OBJC_LITERAL_CONVERSION = YES;
				CLANG_WARN_OBJC_ROOT_CLASS = YES_ERROR;
				CLANG_WARN_RANGE_LOOP_ANALYSIS = YES;
				CLANG_WARN_STRICT_PROTOTYPES = YES;
				CLANG_WARN_SUSPICIOUS_MOVE = YES;
				CLANG_WARN_UNGUARDED_AVAILABILITY = YES_AGGRESSIVE;
				CLANG_WARN_UNREACHABLE_CODE = YES;
				CLANG_WARN__DUPLICATE_METHOD_MATCH = YES;
				CODE_SIGN_IDENTITY = "iPhone Developer";
				COPY_PHASE_STRIP = NO;
				DEBUG_INFORMATION_FORMAT = dwarf;
				ENABLE_STRICT_OBJC_MSGSEND = YES;
				ENABLE_TESTABILITY = YES;
				GCC_C_LANGUAGE_STANDARD = gnu11;
				GCC_DYNAMIC_NO_PIC = NO;
				GCC_NO_COMMON_BLOCKS = YES;
				GCC_OPTIMIZATION_LEVEL = 0;
				GCC_PREPROCESSOR_DEFINITIONS = (
					"DEBUG=1",
					"$(inherited)",
				);
				GCC_WARN_64_TO_32_BIT_CONVERSION = YES;
				GCC_WARN_ABOUT_RETURN_TYPE = YES_ERROR;
				GCC_WARN_UNDECLARED_SELECTOR = YES;
				GCC_WARN_UNINITIALIZED_AUTOS = YES_AGGRESSIVE;
				GCC_WARN_UNUSED_FUNCTION = YES;
				GCC_WARN_UNUSED_VARIABLE = YES;
				IPHONEOS_DEPLOYMENT_TARGET = 12.2;
				MTL_ENABLE_DEBUG_INFO = INCLUDE_SOURCE;
				MTL_FAST_MATH = YES;
				ONLY_ACTIVE_ARCH = YES;
				SDKROOT = iphoneos;
				SWIFT_ACTIVE_COMPILATION_CONDITIONS = DEBUG;
				SWIFT_OPTIMIZATION_LEVEL = "-Onone";
			};
			name = Debug;
		};
		A853A32322B3FFFA00D0B05C /* Release */ = {
			isa = XCBuildConfiguration;
			buildSettings = {
				ALWAYS_SEARCH_USER_PATHS = NO;
				CLANG_ANALYZER_NONNULL = YES;
				CLANG_ANALYZER_NUMBER_OBJECT_CONVERSION = YES_AGGRESSIVE;
				CLANG_CXX_LANGUAGE_STANDARD = "gnu++14";
				CLANG_CXX_LIBRARY = "libc++";
				CLANG_ENABLE_MODULES = YES;
				CLANG_ENABLE_OBJC_ARC = YES;
				CLANG_ENABLE_OBJC_WEAK = YES;
				CLANG_WARN_BLOCK_CAPTURE_AUTORELEASING = YES;
				CLANG_WARN_BOOL_CONVERSION = YES;
				CLANG_WARN_COMMA = YES;
				CLANG_WARN_CONSTANT_CONVERSION = YES;
				CLANG_WARN_DEPRECATED_OBJC_IMPLEMENTATIONS = YES;
				CLANG_WARN_DIRECT_OBJC_ISA_USAGE = YES_ERROR;
				CLANG_WARN_DOCUMENTATION_COMMENTS = YES;
				CLANG_WARN_EMPTY_BODY = YES;
				CLANG_WARN_ENUM_CONVERSION = YES;
				CLANG_WARN_INFINITE_RECURSION = YES;
				CLANG_WARN_INT_CONVERSION = YES;
				CLANG_WARN_NON_LITERAL_NULL_CONVERSION = YES;
				CLANG_WARN_OBJC_IMPLICIT_RETAIN_SELF = YES;
				CLANG_WARN_OBJC_LITERAL_CONVERSION = YES;
				CLANG_WARN_OBJC_ROOT_CLASS = YES_ERROR;
				CLANG_WARN_RANGE_LOOP_ANALYSIS = YES;
				CLANG_WARN_STRICT_PROTOTYPES = YES;
				CLANG_WARN_SUSPICIOUS_MOVE = YES;
				CLANG_WARN_UNGUARDED_AVAILABILITY = YES_AGGRESSIVE;
				CLANG_WARN_UNREACHABLE_CODE = YES;
				CLANG_WARN__DUPLICATE_METHOD_MATCH = YES;
				CODE_SIGN_IDENTITY = "iPhone Developer";
				COPY_PHASE_STRIP = NO;
				DEBUG_INFORMATION_FORMAT = "dwarf-with-dsym";
				ENABLE_NS_ASSERTIONS = NO;
				ENABLE_STRICT_OBJC_MSGSEND = YES;
				GCC_C_LANGUAGE_STANDARD = gnu11;
				GCC_NO_COMMON_BLOCKS = YES;
				GCC_WARN_64_TO_32_BIT_CONVERSION = YES;
				GCC_WARN_ABOUT_RETURN_TYPE = YES_ERROR;
				GCC_WARN_UNDECLARED_SELECTOR = YES;
				GCC_WARN_UNINITIALIZED_AUTOS = YES_AGGRESSIVE;
				GCC_WARN_UNUSED_FUNCTION = YES;
				GCC_WARN_UNUSED_VARIABLE = YES;
				IPHONEOS_DEPLOYMENT_TARGET = 12.2;
				MTL_ENABLE_DEBUG_INFO = NO;
				MTL_FAST_MATH = YES;
				SDKROOT = iphoneos;
				SWIFT_COMPILATION_MODE = wholemodule;
				SWIFT_OPTIMIZATION_LEVEL = "-O";
				VALIDATE_PRODUCT = YES;
			};
			name = Release;
		};
		A853A32522B3FFFA00D0B05C /* Debug */ = {
			isa = XCBuildConfiguration;
			baseConfigurationReference = F2F33CC8902F6E2BB2842ECE /* Pods-RakevetPlus.debug.xcconfig */;
			buildSettings = {
				ASSETCATALOG_COMPILER_APPICON_NAME = AppIcon;
				CODE_SIGN_STYLE = Automatic;
				DEVELOPMENT_TEAM = NKCD2E3F5G;
				INFOPLIST_FILE = TravelTest/Info.plist;
				IPHONEOS_DEPLOYMENT_TARGET = 11.0;
				LD_RUNPATH_SEARCH_PATHS = (
					"$(inherited)",
					"@executable_path/Frameworks",
				);
				PRODUCT_BUNDLE_IDENTIFIER = com.itamarbiton.RakevetP;
				PRODUCT_NAME = "$(TARGET_NAME)";
				SWIFT_VERSION = 5.0;
				TARGETED_DEVICE_FAMILY = "1,2";
			};
			name = Debug;
		};
		A853A32622B3FFFA00D0B05C /* Release */ = {
			isa = XCBuildConfiguration;
			baseConfigurationReference = C1BF3787C8638A1E94209EDF /* Pods-RakevetPlus.release.xcconfig */;
			buildSettings = {
				ASSETCATALOG_COMPILER_APPICON_NAME = AppIcon;
				CODE_SIGN_STYLE = Automatic;
				DEVELOPMENT_TEAM = NKCD2E3F5G;
				INFOPLIST_FILE = TravelTest/Info.plist;
				IPHONEOS_DEPLOYMENT_TARGET = 11.0;
				LD_RUNPATH_SEARCH_PATHS = (
					"$(inherited)",
					"@executable_path/Frameworks",
				);
				PRODUCT_BUNDLE_IDENTIFIER = com.itamarbiton.RakevetP;
				PRODUCT_NAME = "$(TARGET_NAME)";
				SWIFT_VERSION = 5.0;
				TARGETED_DEVICE_FAMILY = "1,2";
			};
			name = Release;
		};
/* End XCBuildConfiguration section */

/* Begin XCConfigurationList section */
		A853A30D22B3FFF600D0B05C /* Build configuration list for PBXProject "TravelTest" */ = {
			isa = XCConfigurationList;
			buildConfigurations = (
				A853A32222B3FFFA00D0B05C /* Debug */,
				A853A32322B3FFFA00D0B05C /* Release */,
			);
			defaultConfigurationIsVisible = 0;
			defaultConfigurationName = Release;
		};
		A853A32422B3FFFA00D0B05C /* Build configuration list for PBXNativeTarget "RakevetPlus" */ = {
			isa = XCConfigurationList;
			buildConfigurations = (
				A853A32522B3FFFA00D0B05C /* Debug */,
				A853A32622B3FFFA00D0B05C /* Release */,
			);
			defaultConfigurationIsVisible = 0;
			defaultConfigurationName = Release;
		};
/* End XCConfigurationList section */
	};
	rootObject = A853A30A22B3FFF600D0B05C /* Project object */;
}
